# This file was autogenerated by Stack.
# You should not edit this file by hand.
# For more information, please see the documentation at:
#   https://docs.haskellstack.org/en/stable/lock_files

packages:
- completed:
    pantry-tree:
      sha256: 6dfdc38afa993ea8d5a0dea563aff28c505f6d927b843ee77b77edb4a4e57c4c
      size: 2681
    hackage: discord-haskell-1.12.4@sha256:80ca52ccb6ceeb0dee3114037c16065ad2e1bf8223b80869566f60afeac5f6c3,4527
  original:
    hackage: discord-haskell-1.12.4
- completed:
    pantry-tree:
      sha256: dd9ea90a631342e5db0fc21331ade4d563a685e9125d5a3989eefa8e1b96c6c6
      size: 437
    hackage: emoji-0.1.0.2@sha256:d995572a5c7dcd28f98eb15c6e387a7b3bda1ac2477ab0d9dba8580d5d7b161f,1273
  original:
    hackage: emoji-0.1.0.2
snapshots:
- completed:
    sha256: bbf2be02f17940bac1f87cb462d4fb0c3355de6dcfc53d84f4f9ad3ee2164f65
    size: 616897
    url: https://raw.githubusercontent.com/commercialhaskell/stackage-snapshots/master/lts/19/0.yaml
  original:
    url: https://raw.githubusercontent.com/commercialhaskell/stackage-snapshots/master/lts/19/0.yaml
